
Microsoft Visual Studio Solution File, Format Version 10.00
# Visual Studio 2008
Project("{FAE04EC0-301F-11D3-BF4B-00C04F79EFBC}") = "FlashPolicyService", "FlashPolicyService\FlashPolicyService.csproj", "{FF35265C-BA9D-4C9B-9A7F-5D67DA82DA75}"
EndProject
Project("{54435603-DBB4-11D2-8724-00A0C9A8B90C}") = "FlashPolicyServiceSetup", "FlashPolicyServiceSetup\FlashPolicyServiceSetup.vdproj", "{E5D0977F-4CAE-4FD8-907C-B2E88A36E67E}"
EndProject
Global
	GlobalSection(SolutionConfigurationPlatforms) = preSolution
		Debug|Any CPU = Debug|Any CPU
		Release|Any CPU = Release|Any CPU
	EndGlobalSection
	GlobalSection(ProjectConfigurationPlatforms) = postSolution
		{FF35265C-BA9D-4C9B-9A7F-5D67DA82DA75}.Debug|Any CPU.ActiveCfg = Debug|Any CPU
		{FF35265C-BA9D-4C9B-9A7F-5D67DA82DA75}.Debug|Any CPU.Build.0 = Debug|Any CPU
		{FF35265C-BA9D-4C9B-9A7F-5D67DA82DA75}.Release|Any CPU.ActiveCfg = Release|Any CPU
		{FF35265C-BA9D-4C9B-9A7F-5D67DA82DA75}.Release|Any CPU.Build.0 = Release|Any CPU
		{E5D0977F-4CAE-4FD8-907C-B2E88A36E67E}.Debug|Any CPU.ActiveCfg = Debug
		{E5D0977F-4CAE-4FD8-907C-B2E88A36E67E}.Release|Any CPU.ActiveCfg = Release
	EndGlobalSection
	GlobalSection(SolutionProperties) = preSolution
		HideSolutionNode = FALSE
	EndGlobalSection
EndGlobal
